
Microsoft Visual Studio Solution File, Format Version 12.00
# Visual Studio Version 17
VisualStudioVersion = 17.0.31903.59
MinimumVisualStudioVersion = 10.0.40219.1
Project("{2150E333-8FDC-42A3-9474-1A3956D46DE8}") = "src", "src", "{827E0CD3-B72D-47B6-A68D-7590B98EB39B}"
EndProject
Project("{FAE04EC0-301F-11D3-BF4B-00C04F79EFBC}") = "ExpenseTracker.Application", "src\ExpenseTracker.Application\ExpenseTracker.Application.csproj", "{F9C28880-30CD-499E-90C3-EEB5FD54F618}"
EndProject
Project("{FAE04EC0-301F-11D3-BF4B-00C04F79EFBC}") = "ExpenseTracker.CLI", "src\ExpenseTracker.CLI\ExpenseTracker.CLI.csproj", "{1B63DF77-E6F2-4E81-A0C8-F42CCB6477B6}"
EndProject
Project("{FAE04EC0-301F-11D3-BF4B-00C04F79EFBC}") = "ExpenseTracker.Domain", "src\ExpenseTracker.Domain\ExpenseTracker.Domain.csproj", "{8D529BBD-B8CD-4694-B7C1-2BBBE4CA3191}"
EndProject
Project("{FAE04EC0-301F-11D3-BF4B-00C04F79EFBC}") = "ExpenseTracker.Infrastructure", "src\ExpenseTracker.Infrastructure\ExpenseTracker.Infrastructure.csproj", "{000D60C5-1144-4ABE-92E0-E57EDF5E205E}"
EndProject
Project("{FAE04EC0-301F-11D3-BF4B-00C04F79EFBC}") = "ExpenseTracker.Application.Tests", "tests\ExpenseTracker.Application.Tests\ExpenseTracker.Application.Tests.csproj", "{6AC4C26B-5BFA-4C28-A3E4-473643D11B74}"
EndProject
Project("{FAE04EC0-301F-11D3-BF4B-00C04F79EFBC}") = "ExpenseTracker.CLI.Tests", "tests\ExpenseTracker.CLI.Tests\ExpenseTracker.CLI.Tests.csproj", "{014686C0-6AC3-4E2E-B4E7-E54CE3E109A8}"
EndProject
Project("{FAE04EC0-301F-11D3-BF4B-00C04F79EFBC}") = "ExpenseTracker.Domain.Tests", "tests\ExpenseTracker.Domain.Tests\ExpenseTracker.Domain.Tests.csproj", "{B1A2D4B1-8330-4268-B8A2-6A4E5E040F09}"
EndProject
Project("{FAE04EC0-301F-11D3-BF4B-00C04F79EFBC}") = "ExpenseTracker.Infrastructure.Tests", "tests\ExpenseTracker.Infrastructure.Tests\ExpenseTracker.Infrastructure.Tests.csproj", "{E7F09307-9A72-437B-8AA6-5FD6960EF370}"
EndProject
Global
	GlobalSection(SolutionConfigurationPlatforms) = preSolution
		Debug|Any CPU = Debug|Any CPU
		Debug|x64 = Debug|x64
		Debug|x86 = Debug|x86
		Release|Any CPU = Release|Any CPU
		Release|x64 = Release|x64
		Release|x86 = Release|x86
	EndGlobalSection
	GlobalSection(ProjectConfigurationPlatforms) = postSolution
		{F9C28880-30CD-499E-90C3-EEB5FD54F618}.Debug|Any CPU.ActiveCfg = Debug|Any CPU
		{F9C28880-30CD-499E-90C3-EEB5FD54F618}.Debug|Any CPU.Build.0 = Debug|Any CPU
		{F9C28880-30CD-499E-90C3-EEB5FD54F618}.Debug|x64.ActiveCfg = Debug|Any CPU
		{F9C28880-30CD-499E-90C3-EEB5FD54F618}.Debug|x64.Build.0 = Debug|Any CPU
		{F9C28880-30CD-499E-90C3-EEB5FD54F618}.Debug|x86.ActiveCfg = Debug|Any CPU
		{F9C28880-30CD-499E-90C3-EEB5FD54F618}.Debug|x86.Build.0 = Debug|Any CPU
		{F9C28880-30CD-499E-90C3-EEB5FD54F618}.Release|Any CPU.ActiveCfg = Release|Any CPU
		{F9C28880-30CD-499E-90C3-EEB5FD54F618}.Release|Any CPU.Build.0 = Release|Any CPU
		{F9C28880-30CD-499E-90C3-EEB5FD54F618}.Release|x64.ActiveCfg = Release|Any CPU
		{F9C28880-30CD-499E-90C3-EEB5FD54F618}.Release|x64.Build.0 = Release|Any CPU
		{F9C28880-30CD-499E-90C3-EEB5FD54F618}.Release|x86.ActiveCfg = Release|Any CPU
		{F9C28880-30CD-499E-90C3-EEB5FD54F618}.Release|x86.Build.0 = Release|Any CPU
		{1B63DF77-E6F2-4E81-A0C8-F42CCB6477B6}.Debug|Any CPU.ActiveCfg = Debug|Any CPU
		{1B63DF77-E6F2-4E81-A0C8-F42CCB6477B6}.Debug|Any CPU.Build.0 = Debug|Any CPU
		{1B63DF77-E6F2-4E81-A0C8-F42CCB6477B6}.Debug|x64.ActiveCfg = Debug|Any CPU
		{1B63DF77-E6F2-4E81-A0C8-F42CCB6477B6}.Debug|x64.Build.0 = Debug|Any CPU
		{1B63DF77-E6F2-4E81-A0C8-F42CCB6477B6}.Debug|x86.ActiveCfg = Debug|Any CPU
		{1B63DF77-E6F2-4E81-A0C8-F42CCB6477B6}.Debug|x86.Build.0 = Debug|Any CPU
		{1B63DF77-E6F2-4E81-A0C8-F42CCB6477B6}.Release|Any CPU.ActiveCfg = Release|Any CPU
		{1B63DF77-E6F2-4E81-A0C8-F42CCB6477B6}.Release|Any CPU.Build.0 = Release|Any CPU
		{1B63DF77-E6F2-4E81-A0C8-F42CCB6477B6}.Release|x64.ActiveCfg = Release|Any CPU
		{1B63DF77-E6F2-4E81-A0C8-F42CCB6477B6}.Release|x64.Build.0 = Release|Any CPU
		{1B63DF77-E6F2-4E81-A0C8-F42CCB6477B6}.Release|x86.ActiveCfg = Release|Any CPU
		{1B63DF77-E6F2-4E81-A0C8-F42CCB6477B6}.Release|x86.Build.0 = Release|Any CPU
		{8D529BBD-B8CD-4694-B7C1-2BBBE4CA3191}.Debug|Any CPU.ActiveCfg = Debug|Any CPU
		{8D529BBD-B8CD-4694-B7C1-2BBBE4CA3191}.Debug|Any CPU.Build.0 = Debug|Any CPU
		{8D529BBD-B8CD-4694-B7C1-2BBBE4CA3191}.Debug|x64.ActiveCfg = Debug|Any CPU
		{8D529BBD-B8CD-4694-B7C1-2BBBE4CA3191}.Debug|x64.Build.0 = Debug|Any CPU
		{8D529BBD-B8CD-4694-B7C1-2BBBE4CA3191}.Debug|x86.ActiveCfg = Debug|Any CPU
		{8D529BBD-B8CD-4694-B7C1-2BBBE4CA3191}.Debug|x86.Build.0 = Debug|Any CPU
		{8D529BBD-B8CD-4694-B7C1-2BBBE4CA3191}.Release|Any CPU.ActiveCfg = Release|Any CPU
		{8D529BBD-B8CD-4694-B7C1-2BBBE4CA3191}.Release|Any CPU.Build.0 = Release|Any CPU
		{8D529BBD-B8CD-4694-B7C1-2BBBE4CA3191}.Release|x64.ActiveCfg = Release|Any CPU
		{8D529BBD-B8CD-4694-B7C1-2BBBE4CA3191}.Release|x64.Build.0 = Release|Any CPU
		{8D529BBD-B8CD-4694-B7C1-2BBBE4CA3191}.Release|x86.ActiveCfg = Release|Any CPU
		{8D529BBD-B8CD-4694-B7C1-2BBBE4CA3191}.Release|x86.Build.0 = Release|Any CPU
		{000D60C5-1144-4ABE-92E0-E57EDF5E205E}.Debug|Any CPU.ActiveCfg = Debug|Any CPU
		{000D60C5-1144-4ABE-92E0-E57EDF5E205E}.Debug|Any CPU.Build.0 = Debug|Any CPU
		{000D60C5-1144-4ABE-92E0-E57EDF5E205E}.Debug|x64.ActiveCfg = Debug|Any CPU
		{000D60C5-1144-4ABE-92E0-E57EDF5E205E}.Debug|x64.Build.0 = Debug|Any CPU
		{000D60C5-1144-4ABE-92E0-E57EDF5E205E}.Debug|x86.ActiveCfg = Debug|Any CPU
		{000D60C5-1144-4ABE-92E0-E57EDF5E205E}.Debug|x86.Build.0 = Debug|Any CPU
		{000D60C5-1144-4ABE-92E0-E57EDF5E205E}.Release|Any CPU.ActiveCfg = Release|Any CPU
		{000D60C5-1144-4ABE-92E0-E57EDF5E205E}.Release|Any CPU.Build.0 = Release|Any CPU
		{000D60C5-1144-4ABE-92E0-E57EDF5E205E}.Release|x64.ActiveCfg = Release|Any CPU
		{000D60C5-1144-4ABE-92E0-E57EDF5E205E}.Release|x64.Build.0 = Release|Any CPU
		{000D60C5-1144-4ABE-92E0-E57EDF5E205E}.Release|x86.ActiveCfg = Release|Any CPU
		{000D60C5-1144-4ABE-92E0-E57EDF5E205E}.Release|x86.Build.0 = Release|Any CPU
		{6AC4C26B-5BFA-4C28-A3E4-473643D11B74}.Debug|Any CPU.ActiveCfg = Debug|Any CPU
		{6AC4C26B-5BFA-4C28-A3E4-473643D11B74}.Debug|Any CPU.Build.0 = Debug|Any CPU
		{6AC4C26B-5BFA-4C28-A3E4-473643D11B74}.Debug|x64.ActiveCfg = Debug|Any CPU
		{6AC4C26B-5BFA-4C28-A3E4-473643D11B74}.Debug|x64.Build.0 = Debug|Any CPU
		{6AC4C26B-5BFA-4C28-A3E4-473643D11B74}.Debug|x86.ActiveCfg = Debug|Any CPU
		{6AC4C26B-5BFA-4C28-A3E4-473643D11B74}.Debug|x86.Build.0 = Debug|Any CPU
		{6AC4C26B-5BFA-4C28-A3E4-473643D11B74}.Release|Any CPU.ActiveCfg = Release|Any CPU
		{6AC4C26B-5BFA-4C28-A3E4-473643D11B74}.Release|Any CPU.Build.0 = Release|Any CPU
		{6AC4C26B-5BFA-4C28-A3E4-473643D11B74}.Release|x64.ActiveCfg = Release|Any CPU
		{6AC4C26B-5BFA-4C28-A3E4-473643D11B74}.Release|x64.Build.0 = Release|Any CPU
		{6AC4C26B-5BFA-4C28-A3E4-473643D11B74}.Release|x86.ActiveCfg = Release|Any CPU
		{6AC4C26B-5BFA-4C28-A3E4-473643D11B74}.Release|x86.Build.0 = Release|Any CPU
		{014686C0-6AC3-4E2E-B4E7-E54CE3E109A8}.Debug|Any CPU.ActiveCfg = Debug|Any CPU
		{014686C0-6AC3-4E2E-B4E7-E54CE3E109A8}.Debug|Any CPU.Build.0 = Debug|Any CPU
		{014686C0-6AC3-4E2E-B4E7-E54CE3E109A8}.Debug|x64.ActiveCfg = Debug|Any CPU
		{014686C0-6AC3-4E2E-B4E7-E54CE3E109A8}.Debug|x64.Build.0 = Debug|Any CPU
		{014686C0-6AC3-4E2E-B4E7-E54CE3E109A8}.Debug|x86.ActiveCfg = Debug|Any CPU
		{014686C0-6AC3-4E2E-B4E7-E54CE3E109A8}.Debug|x86.Build.0 = Debug|Any CPU
		{014686C0-6AC3-4E2E-B4E7-E54CE3E109A8}.Release|Any CPU.ActiveCfg = Release|Any CPU
		{014686C0-6AC3-4E2E-B4E7-E54CE3E109A8}.Release|Any CPU.Build.0 = Release|Any CPU
		{014686C0-6AC3-4E2E-B4E7-E54CE3E109A8}.Release|x64.ActiveCfg = Release|Any CPU
		{014686C0-6AC3-4E2E-B4E7-E54CE3E109A8}.Release|x64.Build.0 = Release|Any CPU
		{014686C0-6AC3-4E2E-B4E7-E54CE3E109A8}.Release|x86.ActiveCfg = Release|Any CPU
		{014686C0-6AC3-4E2E-B4E7-E54CE3E109A8}.Release|x86.Build.0 = Release|Any CPU
		{B1A2D4B1-8330-4268-B8A2-6A4E5E040F09}.Debug|Any CPU.ActiveCfg = Debug|Any CPU
		{B1A2D4B1-8330-4268-B8A2-6A4E5E040F09}.Debug|Any CPU.Build.0 = Debug|Any CPU
		{B1A2D4B1-8330-4268-B8A2-6A4E5E040F09}.Debug|x64.ActiveCfg = Debug|Any CPU
		{B1A2D4B1-8330-4268-B8A2-6A4E5E040F09}.Debug|x64.Build.0 = Debug|Any CPU
		{B1A2D4B1-8330-4268-B8A2-6A4E5E040F09}.Debug|x86.ActiveCfg = Debug|Any CPU
		{B1A2D4B1-8330-4268-B8A2-6A4E5E040F09}.Debug|x86.Build.0 = Debug|Any CPU
		{B1A2D4B1-8330-4268-B8A2-6A4E5E040F09}.Release|Any CPU.ActiveCfg = Release|Any CPU
		{B1A2D4B1-8330-4268-B8A2-6A4E5E040F09}.Release|Any CPU.Build.0 = Release|Any CPU
		{B1A2D4B1-8330-4268-B8A2-6A4E5E040F09}.Release|x64.ActiveCfg = Release|Any CPU
		{B1A2D4B1-8330-4268-B8A2-6A4E5E040F09}.Release|x64.Build.0 = Release|Any CPU
		{B1A2D4B1-8330-4268-B8A2-6A4E5E040F09}.Release|x86.ActiveCfg = Release|Any CPU
		{B1A2D4B1-8330-4268-B8A2-6A4E5E040F09}.Release|x86.Build.0 = Release|Any CPU
		{E7F09307-9A72-437B-8AA6-5FD6960EF370}.Debug|Any CPU.ActiveCfg = Debug|Any CPU
		{E7F09307-9A72-437B-8AA6-5FD6960EF370}.Debug|Any CPU.Build.0 = Debug|Any CPU
		{E7F09307-9A72-437B-8AA6-5FD6960EF370}.Debug|x64.ActiveCfg = Debug|Any CPU
		{E7F09307-9A72-437B-8AA6-5FD6960EF370}.Debug|x64.Build.0 = Debug|Any CPU
		{E7F09307-9A72-437B-8AA6-5FD6960EF370}.Debug|x86.ActiveCfg = Debug|Any CPU
		{E7F09307-9A72-437B-8AA6-5FD6960EF370}.Debug|x86.Build.0 = Debug|Any CPU
		{E7F09307-9A72-437B-8AA6-5FD6960EF370}.Release|Any CPU.ActiveCfg = Release|Any CPU
		{E7F09307-9A72-437B-8AA6-5FD6960EF370}.Release|Any CPU.Build.0 = Release|Any CPU
		{E7F09307-9A72-437B-8AA6-5FD6960EF370}.Release|x64.ActiveCfg = Release|Any CPU
		{E7F09307-9A72-437B-8AA6-5FD6960EF370}.Release|x64.Build.0 = Release|Any CPU
		{E7F09307-9A72-437B-8AA6-5FD6960EF370}.Release|x86.ActiveCfg = Release|Any CPU
		{E7F09307-9A72-437B-8AA6-5FD6960EF370}.Release|x86.Build.0 = Release|Any CPU
	EndGlobalSection
	GlobalSection(SolutionProperties) = preSolution
		HideSolutionNode = FALSE
	EndGlobalSection
	GlobalSection(NestedProjects) = preSolution
		{F9C28880-30CD-499E-90C3-EEB5FD54F618} = {827E0CD3-B72D-47B6-A68D-7590B98EB39B}
		{1B63DF77-E6F2-4E81-A0C8-F42CCB6477B6} = {827E0CD3-B72D-47B6-A68D-7590B98EB39B}
		{8D529BBD-B8CD-4694-B7C1-2BBBE4CA3191} = {827E0CD3-B72D-47B6-A68D-7590B98EB39B}
		{000D60C5-1144-4ABE-92E0-E57EDF5E205E} = {827E0CD3-B72D-47B6-A68D-7590B98EB39B}
		{6AC4C26B-5BFA-4C28-A3E4-473643D11B74} = {827E0CD3-B72D-47B6-A68D-7590B98EB39B}
		{014686C0-6AC3-4E2E-B4E7-E54CE3E109A8} = {827E0CD3-B72D-47B6-A68D-7590B98EB39B}
		{B1A2D4B1-8330-4268-B8A2-6A4E5E040F09} = {827E0CD3-B72D-47B6-A68D-7590B98EB39B}
		{E7F09307-9A72-437B-8AA6-5FD6960EF370} = {827E0CD3-B72D-47B6-A68D-7590B98EB39B}
	EndGlobalSection
EndGlobal
